
Microsoft Visual Studio Solution File, Format Version 12.00
# Visual Studio Version 16
VisualStudioVersion = 16.0.30517.126
MinimumVisualStudioVersion = 10.0.40219.1
Project("{9A19103F-16F7-4668-BE54-9A1E7A4F7556}") = "chatServer", "chat\chatServer.csproj", "{5EE28557-8959-45CA-8B71-0287A0CA4BA9}"
EndProject
Project("{FAE04EC0-301F-11D3-BF4B-00C04F79EFBC}") = "chatClient", "chatClient\chatClient.csproj", "{85C8E161-4579-4B23-9F17-F7C44EF10356}"
EndProject
Global
	GlobalSection(SolutionConfigurationPlatforms) = preSolution
		Debug|Any CPU = Debug|Any CPU
		Release|Any CPU = Release|Any CPU
	EndGlobalSection
	GlobalSection(ProjectConfigurationPlatforms) = postSolution
		{5EE28557-8959-45CA-8B71-0287A0CA4BA9}.Debug|Any CPU.ActiveCfg = Debug|Any CPU
		{5EE28557-8959-45CA-8B71-0287A0CA4BA9}.Debug|Any CPU.Build.0 = Debug|Any CPU
		{5EE28557-8959-45CA-8B71-0287A0CA4BA9}.Release|Any CPU.ActiveCfg = Release|Any CPU
		{5EE28557-8959-45CA-8B71-0287A0CA4BA9}.Release|Any CPU.Build.0 = Release|Any CPU
		{85C8E161-4579-4B23-9F17-F7C44EF10356}.Debug|Any CPU.ActiveCfg = Debug|Any CPU
		{85C8E161-4579-4B23-9F17-F7C44EF10356}.Debug|Any CPU.Build.0 = Debug|Any CPU
		{85C8E161-4579-4B23-9F17-F7C44EF10356}.Release|Any CPU.ActiveCfg = Release|Any CPU
		{85C8E161-4579-4B23-9F17-F7C44EF10356}.Release|Any CPU.Build.0 = Release|Any CPU
	EndGlobalSection
	GlobalSection(SolutionProperties) = preSolution
		HideSolutionNode = FALSE
	EndGlobalSection
	GlobalSection(ExtensibilityGlobals) = postSolution
		SolutionGuid = {4017915D-B63C-4F2C-B665-9BCD69698AF8}
	EndGlobalSection
EndGlobal
